# This file is automatically @generated by Cargo.
# It is not intended for manual editing.
version = 3

[[package]]
name = "unique-types"
version = "0.1.0"

[[package]]
name = "ut-cell"
version = "0.1.0"
dependencies = [
 "unique-types",
]

[[package]]
name = "ut-vec"
version = "0.1.0"
dependencies = [
 "unique-types",
]
